
Microsoft Visual Studio Solution File, Format Version 12.00
# Visual Studio 2012
Project("{FAE04EC0-301F-11D3-BF4B-00C04F79EFBC}") = "CustomerLocations.Business", "CustomerLocations.Business\CustomerLocations.Business.csproj", "{22D3F0A9-A706-4B7B-BD73-BCB7F1F07FEF}"
EndProject
Project("{FAE04EC0-301F-11D3-BF4B-00C04F79EFBC}") = "CustomerLocations.Services", "CustomerLocations.Services\CustomerLocations.Services.csproj", "{5FAACEA6-E3B4-4197-B2CF-73896E1F6DF6}"
EndProject
Project("{FAE04EC0-301F-11D3-BF4B-00C04F79EFBC}") = "CustomerLocations.Presentation", "CustomerLocations.Presentation\CustomerLocations.Presentation.csproj", "{83B5B436-ED12-4FAF-BBE6-340A1F2B46CF}"
EndProject
Global
	GlobalSection(SolutionConfigurationPlatforms) = preSolution
		Debug|Any CPU = Debug|Any CPU
		Release|Any CPU = Release|Any CPU
	EndGlobalSection
	GlobalSection(ProjectConfigurationPlatforms) = postSolution
		{22D3F0A9-A706-4B7B-BD73-BCB7F1F07FEF}.Debug|Any CPU.ActiveCfg = Debug|Any CPU
		{22D3F0A9-A706-4B7B-BD73-BCB7F1F07FEF}.Debug|Any CPU.Build.0 = Debug|Any CPU
		{22D3F0A9-A706-4B7B-BD73-BCB7F1F07FEF}.Release|Any CPU.ActiveCfg = Release|Any CPU
		{22D3F0A9-A706-4B7B-BD73-BCB7F1F07FEF}.Release|Any CPU.Build.0 = Release|Any CPU
		{5FAACEA6-E3B4-4197-B2CF-73896E1F6DF6}.Debug|Any CPU.ActiveCfg = Debug|Any CPU
		{5FAACEA6-E3B4-4197-B2CF-73896E1F6DF6}.Debug|Any CPU.Build.0 = Debug|Any CPU
		{5FAACEA6-E3B4-4197-B2CF-73896E1F6DF6}.Release|Any CPU.ActiveCfg = Release|Any CPU
		{5FAACEA6-E3B4-4197-B2CF-73896E1F6DF6}.Release|Any CPU.Build.0 = Release|Any CPU
		{83B5B436-ED12-4FAF-BBE6-340A1F2B46CF}.Debug|Any CPU.ActiveCfg = Debug|Any CPU
		{83B5B436-ED12-4FAF-BBE6-340A1F2B46CF}.Debug|Any CPU.Build.0 = Debug|Any CPU
		{83B5B436-ED12-4FAF-BBE6-340A1F2B46CF}.Release|Any CPU.ActiveCfg = Release|Any CPU
		{83B5B436-ED12-4FAF-BBE6-340A1F2B46CF}.Release|Any CPU.Build.0 = Release|Any CPU
	EndGlobalSection
	GlobalSection(SolutionProperties) = preSolution
		HideSolutionNode = FALSE
	EndGlobalSection
EndGlobal
